{
  "version": 4,
  "terraform_version": "1.12.2",
  "serial": 36,
  "lineage": "28d8814d-4806-652e-3d09-f3ba4803dcc5",
  "outputs": {},
  "resources": [
    {
      "module": "module.terraformStateBootstrap",
      "mode": "managed",
      "type": "aws_s3_bucket",
      "name": "glTerraformStateS3Bucket",
      "provider": "provider[\"registry.terraform.io/hashicorp/aws\"]",
      "instances": [
        {
          "schema_version": 0,
          "attributes": {
            "acceleration_status": "",
            "acl": null,
            "arn": "arn:aws:s3:::gl-terraform-state-do-not-delete",
            "bucket": "gl-terraform-state-do-not-delete",
            "bucket_domain_name": "gl-terraform-state-do-not-delete.s3.amazonaws.com",
            "bucket_prefix": "",
            "bucket_regional_domain_name": "gl-terraform-state-do-not-delete.s3.us-west-2.amazonaws.com",
            "cors_rule": [],
            "force_destroy": false,
            "grant": [
              {
                "id": "229d149ff1dcca310ce7e31523a244647890298530126902772695d69ecf4a5c",
                "permissions": [
                  "FULL_CONTROL"
                ],
                "type": "CanonicalUser",
                "uri": ""
              }
            ],
            "hosted_zone_id": "Z3BJ6K6RIION7M",
            "id": "gl-terraform-state-do-not-delete",
            "lifecycle_rule": [],
            "logging": [],
            "object_lock_configuration": [],
            "object_lock_enabled": false,
            "policy": "",
            "region": "us-west-2",
            "replication_configuration": [],
            "request_payer": "BucketOwner",
            "server_side_encryption_configuration": [
              {
                "rule": [
                  {
                    "apply_server_side_encryption_by_default": [
                      {
                        "kms_master_key_id": "",
                        "sse_algorithm": "AES256"
                      }
                    ],
                    "bucket_key_enabled": false
                  }
                ]
              }
            ],
            "tags": {},
            "tags_all": {},
            "timeouts": null,
            "versioning": [
              {
                "enabled": false,
                "mfa_delete": false
              }
            ],
            "website": [],
            "website_domain": null,
            "website_endpoint": null
          },
          "sensitive_attributes": [],
          "identity_schema_version": 0,
          "private": "eyJlMmJmYjczMC1lY2FhLTExZTYtOGY4OC0zNDM2M2JjN2M0YzAiOnsiY3JlYXRlIjoxMjAwMDAwMDAwMDAwLCJkZWxldGUiOjM2MDAwMDAwMDAwMDAsInJlYWQiOjEyMDAwMDAwMDAwMDAsInVwZGF0ZSI6MTIwMDAwMDAwMDAwMH19"
        }
      ]
    }
  ],
  "check_results": [
    {
      "object_kind": "var",
      "config_addr": "module.terraformStateBootstrap.var.env",
      "status": "unknown",
      "objects": null
    }
  ]
}
